
Microsoft Visual Studio Solution File, Format Version 12.00
# Visual Studio 15
VisualStudioVersion = 15.0.28307.852
MinimumVisualStudioVersion = 10.0.40219.1
Project("{FAE04EC0-301F-11D3-BF4B-00C04F79EFBC}") = "zad2Extended", "zad2Extended\zad2Extended.csproj", "{6E9CFB6F-FC39-4C88-8980-11476BFDEEF6}"
EndProject
Project("{FAE04EC0-301F-11D3-BF4B-00C04F79EFBC}") = "UnitTestProject1", "UnitTestProject1\UnitTestProject1.csproj", "{1F03B7EA-1819-475A-B417-FCA352A29AE5}"
EndProject
Project("{FAE04EC0-301F-11D3-BF4B-00C04F79EFBC}") = "ConsoleApp1", "ConsoleApp1\ConsoleApp1.csproj", "{01B4B878-0933-4A42-90D0-27C77077065A}"
EndProject
Global
	GlobalSection(SolutionConfigurationPlatforms) = preSolution
		Debug|Any CPU = Debug|Any CPU
		Release|Any CPU = Release|Any CPU
	EndGlobalSection
	GlobalSection(ProjectConfigurationPlatforms) = postSolution
		{6E9CFB6F-FC39-4C88-8980-11476BFDEEF6}.Debug|Any CPU.ActiveCfg = Debug|Any CPU
		{6E9CFB6F-FC39-4C88-8980-11476BFDEEF6}.Debug|Any CPU.Build.0 = Debug|Any CPU
		{6E9CFB6F-FC39-4C88-8980-11476BFDEEF6}.Release|Any CPU.ActiveCfg = Release|Any CPU
		{6E9CFB6F-FC39-4C88-8980-11476BFDEEF6}.Release|Any CPU.Build.0 = Release|Any CPU
		{1F03B7EA-1819-475A-B417-FCA352A29AE5}.Debug|Any CPU.ActiveCfg = Debug|Any CPU
		{1F03B7EA-1819-475A-B417-FCA352A29AE5}.Debug|Any CPU.Build.0 = Debug|Any CPU
		{1F03B7EA-1819-475A-B417-FCA352A29AE5}.Release|Any CPU.ActiveCfg = Release|Any CPU
		{1F03B7EA-1819-475A-B417-FCA352A29AE5}.Release|Any CPU.Build.0 = Release|Any CPU
		{01B4B878-0933-4A42-90D0-27C77077065A}.Debug|Any CPU.ActiveCfg = Debug|Any CPU
		{01B4B878-0933-4A42-90D0-27C77077065A}.Debug|Any CPU.Build.0 = Debug|Any CPU
		{01B4B878-0933-4A42-90D0-27C77077065A}.Release|Any CPU.ActiveCfg = Release|Any CPU
		{01B4B878-0933-4A42-90D0-27C77077065A}.Release|Any CPU.Build.0 = Release|Any CPU
	EndGlobalSection
	GlobalSection(SolutionProperties) = preSolution
		HideSolutionNode = FALSE
	EndGlobalSection
	GlobalSection(ExtensibilityGlobals) = postSolution
		SolutionGuid = {E6137521-4FBA-4677-AB43-16D40D6C68E2}
	EndGlobalSection
EndGlobal
